
Microsoft Visual Studio Solution File, Format Version 12.00
# Visual Studio Version 16
VisualStudioVersion = 16.0.30114.105
MinimumVisualStudioVersion = 10.0.40219.1
Project("{FAE04EC0-301F-11D3-BF4B-00C04F79EFBC}") = "HackerNewsApi", "HackerNewsApi\HackerNewsApi.csproj", "{7B31C0BB-119F-4A86-8B67-25A5263F6AC4}"
EndProject
Project("{FAE04EC0-301F-11D3-BF4B-00C04F79EFBC}") = "HackerNewsApi.Tests", "HackerNewsApi.Tests\HackerNewsApi.Tests.csproj", "{1D4EAF2A-92CA-43C1-99CF-7A01F8630D58}"
EndProject
Global
	GlobalSection(SolutionConfigurationPlatforms) = preSolution
		Debug|Any CPU = Debug|Any CPU
		Release|Any CPU = Release|Any CPU
	EndGlobalSection
	GlobalSection(SolutionProperties) = preSolution
		HideSolutionNode = FALSE
	EndGlobalSection
	GlobalSection(ProjectConfigurationPlatforms) = postSolution
		{7B31C0BB-119F-4A86-8B67-25A5263F6AC4}.Debug|Any CPU.ActiveCfg = Debug|Any CPU
		{7B31C0BB-119F-4A86-8B67-25A5263F6AC4}.Debug|Any CPU.Build.0 = Debug|Any CPU
		{7B31C0BB-119F-4A86-8B67-25A5263F6AC4}.Release|Any CPU.ActiveCfg = Release|Any CPU
		{7B31C0BB-119F-4A86-8B67-25A5263F6AC4}.Release|Any CPU.Build.0 = Release|Any CPU
		{1D4EAF2A-92CA-43C1-99CF-7A01F8630D58}.Debug|Any CPU.ActiveCfg = Debug|Any CPU
		{1D4EAF2A-92CA-43C1-99CF-7A01F8630D58}.Debug|Any CPU.Build.0 = Debug|Any CPU
		{1D4EAF2A-92CA-43C1-99CF-7A01F8630D58}.Release|Any CPU.ActiveCfg = Release|Any CPU
		{1D4EAF2A-92CA-43C1-99CF-7A01F8630D58}.Release|Any CPU.Build.0 = Release|Any CPU
	EndGlobalSection
EndGlobal
